
Microsoft Visual Studio Solution File, Format Version 12.00
# Visual Studio Version 17
VisualStudioVersion = 17.5.33516.290
MinimumVisualStudioVersion = 10.0.40219.1
Project("{FAE04EC0-301F-11D3-BF4B-00C04F79EFBC}") = "Weathered", "Weathered.csproj", "{51581C41-F27C-40AD-ADF8-173E535C782C}"
EndProject
Global
	GlobalSection(SolutionConfigurationPlatforms) = preSolution
		Debug|Any CPU = Debug|Any CPU
		Release|Any CPU = Release|Any CPU
	EndGlobalSection
	GlobalSection(ProjectConfigurationPlatforms) = postSolution
		{51581C41-F27C-40AD-ADF8-173E535C782C}.Debug|Any CPU.ActiveCfg = Debug|Any CPU
		{51581C41-F27C-40AD-ADF8-173E535C782C}.Debug|Any CPU.Build.0 = Debug|Any CPU
		{51581C41-F27C-40AD-ADF8-173E535C782C}.Release|Any CPU.ActiveCfg = Release|Any CPU
		{51581C41-F27C-40AD-ADF8-173E535C782C}.Release|Any CPU.Build.0 = Release|Any CPU
	EndGlobalSection
	GlobalSection(SolutionProperties) = preSolution
		HideSolutionNode = FALSE
	EndGlobalSection
	GlobalSection(ExtensibilityGlobals) = postSolution
		SolutionGuid = {FE8B3DCE-61B8-4248-A6A8-4A49C293FA0A}
	EndGlobalSection
EndGlobal
